
Microsoft Visual Studio Solution File, Format Version 12.00
# Visual Studio Version 16
VisualStudioVersion = 16.0.29025.244
MinimumVisualStudioVersion = 10.0.40219.1
Project("{FAE04EC0-301F-11D3-BF4B-00C04F79EFBC}") = "URLManager", "URLManager\URLManager.csproj", "{3BF232A8-F0E2-45CB-9A08-CC6700D977A7}"
EndProject
Project("{FAE04EC0-301F-11D3-BF4B-00C04F79EFBC}") = "Contracts", "Contracts\Contracts.csproj", "{345CB2DB-E11C-411A-B80A-44A03CD922DD}"
EndProject
Project("{FAE04EC0-301F-11D3-BF4B-00C04F79EFBC}") = "Services", "Services\Services.csproj", "{30C45B56-68B6-4D40-959E-E705879208CD}"
EndProject
Project("{FAE04EC0-301F-11D3-BF4B-00C04F79EFBC}") = "DependencyResolver", "DependencyResolver\DependencyResolver.csproj", "{BA5A90ED-088A-4CB1-B513-0E1FBE2ECF8F}"
EndProject
Project("{FAE04EC0-301F-11D3-BF4B-00C04F79EFBC}") = "DataLayer", "DataLayer\DataLayer.csproj", "{3B725308-EC15-4B0F-A362-9E7CC0BBF907}"
EndProject
Global
	GlobalSection(SolutionConfigurationPlatforms) = preSolution
		Debug|Any CPU = Debug|Any CPU
		Release|Any CPU = Release|Any CPU
	EndGlobalSection
	GlobalSection(ProjectConfigurationPlatforms) = postSolution
		{3BF232A8-F0E2-45CB-9A08-CC6700D977A7}.Debug|Any CPU.ActiveCfg = Debug|Any CPU
		{3BF232A8-F0E2-45CB-9A08-CC6700D977A7}.Debug|Any CPU.Build.0 = Debug|Any CPU
		{3BF232A8-F0E2-45CB-9A08-CC6700D977A7}.Release|Any CPU.ActiveCfg = Release|Any CPU
		{3BF232A8-F0E2-45CB-9A08-CC6700D977A7}.Release|Any CPU.Build.0 = Release|Any CPU
		{345CB2DB-E11C-411A-B80A-44A03CD922DD}.Debug|Any CPU.ActiveCfg = Debug|Any CPU
		{345CB2DB-E11C-411A-B80A-44A03CD922DD}.Debug|Any CPU.Build.0 = Debug|Any CPU
		{345CB2DB-E11C-411A-B80A-44A03CD922DD}.Release|Any CPU.ActiveCfg = Release|Any CPU
		{345CB2DB-E11C-411A-B80A-44A03CD922DD}.Release|Any CPU.Build.0 = Release|Any CPU
		{30C45B56-68B6-4D40-959E-E705879208CD}.Debug|Any CPU.ActiveCfg = Debug|Any CPU
		{30C45B56-68B6-4D40-959E-E705879208CD}.Debug|Any CPU.Build.0 = Debug|Any CPU
		{30C45B56-68B6-4D40-959E-E705879208CD}.Release|Any CPU.ActiveCfg = Release|Any CPU
		{30C45B56-68B6-4D40-959E-E705879208CD}.Release|Any CPU.Build.0 = Release|Any CPU
		{BA5A90ED-088A-4CB1-B513-0E1FBE2ECF8F}.Debug|Any CPU.ActiveCfg = Debug|Any CPU
		{BA5A90ED-088A-4CB1-B513-0E1FBE2ECF8F}.Debug|Any CPU.Build.0 = Debug|Any CPU
		{BA5A90ED-088A-4CB1-B513-0E1FBE2ECF8F}.Release|Any CPU.ActiveCfg = Release|Any CPU
		{BA5A90ED-088A-4CB1-B513-0E1FBE2ECF8F}.Release|Any CPU.Build.0 = Release|Any CPU
		{3B725308-EC15-4B0F-A362-9E7CC0BBF907}.Debug|Any CPU.ActiveCfg = Debug|Any CPU
		{3B725308-EC15-4B0F-A362-9E7CC0BBF907}.Debug|Any CPU.Build.0 = Debug|Any CPU
		{3B725308-EC15-4B0F-A362-9E7CC0BBF907}.Release|Any CPU.ActiveCfg = Release|Any CPU
		{3B725308-EC15-4B0F-A362-9E7CC0BBF907}.Release|Any CPU.Build.0 = Release|Any CPU
	EndGlobalSection
	GlobalSection(SolutionProperties) = preSolution
		HideSolutionNode = FALSE
	EndGlobalSection
	GlobalSection(ExtensibilityGlobals) = postSolution
		SolutionGuid = {EFBEE422-51B5-4940-AE11-86AAAC4C2087}
	EndGlobalSection
EndGlobal
